{
  "lockfileVersion": 1,
  "workspaces": {
    "": {
      "name": "courses-data",
      "dependencies": {
        "@types/lunr": "^2.3.7",
        "lunr": "^2.3.9",
      },
    },
  },
  "packages": {
    "@types/lunr": ["@types/lunr@2.3.7", "", {}, "sha512-Tb/kUm38e8gmjahQzdCKhbdsvQ9/ppzHFfsJ0dMs3ckqQsRj+P5IkSAwFTBrBxdyr3E/LoMUUrZngjDYAjiE3A=="],

    "lunr": ["lunr@2.3.9", "", {}, "sha512-zTU3DaZaF3Rt9rhN3uBMGQD3dD2/vFQqnvZCDv4dl5iOzq2IZQqTxu90r4E5J+nP70J3ilqVCrbho2eWaeW8Ow=="],
  }
}
